
Microsoft Visual Studio Solution File, Format Version 12.00
# Visual Studio Version 16
VisualStudioVersion = 16.0.30320.27
MinimumVisualStudioVersion = 10.0.40219.1
Project("{FAE04EC0-301F-11D3-BF4B-00C04F79EFBC}") = "IncrementDecrement", "UberClone\IncrementDecrement.csproj", "{F91D83A3-A250-4733-813E-5F95CC424199}"
EndProject
Global
	GlobalSection(SolutionConfigurationPlatforms) = preSolution
		Debug|Any CPU = Debug|Any CPU
		Release|Any CPU = Release|Any CPU
	EndGlobalSection
	GlobalSection(ProjectConfigurationPlatforms) = postSolution
		{F91D83A3-A250-4733-813E-5F95CC424199}.Debug|Any CPU.ActiveCfg = Debug|Any CPU
		{F91D83A3-A250-4733-813E-5F95CC424199}.Debug|Any CPU.Build.0 = Debug|Any CPU
		{F91D83A3-A250-4733-813E-5F95CC424199}.Debug|Any CPU.Deploy.0 = Debug|Any CPU
		{F91D83A3-A250-4733-813E-5F95CC424199}.Release|Any CPU.ActiveCfg = Release|Any CPU
		{F91D83A3-A250-4733-813E-5F95CC424199}.Release|Any CPU.Build.0 = Release|Any CPU
		{F91D83A3-A250-4733-813E-5F95CC424199}.Release|Any CPU.Deploy.0 = Release|Any CPU
	EndGlobalSection
	GlobalSection(SolutionProperties) = preSolution
		HideSolutionNode = FALSE
	EndGlobalSection
	GlobalSection(ExtensibilityGlobals) = postSolution
		SolutionGuid = {BC84234D-53A4-4FD2-ABAB-AB9CE627D1FF}
	EndGlobalSection
EndGlobal
